
Microsoft Visual Studio Solution File, Format Version 12.00
# Visual Studio Version 16
VisualStudioVersion = 16.0.29613.14
MinimumVisualStudioVersion = 10.0.40219.1
Project("{9A19103F-16F7-4668-BE54-9A1E7A4F7556}") = "Server", "Server\Server.csproj", "{ECE354A8-1AEB-4ABA-A3C1-013A029AF560}"
EndProject
Project("{9A19103F-16F7-4668-BE54-9A1E7A4F7556}") = "ServerCore", "ServerCore\ServerCore.csproj", "{225DE72F-27CC-45B4-B0F0-F8F08A7328A2}"
EndProject
Project("{9A19103F-16F7-4668-BE54-9A1E7A4F7556}") = "PacketGenerator", "PacketGenerator\PacketGenerator.csproj", "{1F142840-782A-4EC1-B41B-F78ECD84B42A}"
EndProject
Project("{2150E333-8FDC-42A3-9474-1A3956D46DE8}") = "Tools", "Tools", "{8B491CF6-3083-47E7-B38D-2FC74C64238F}"
EndProject
Global
	GlobalSection(SolutionConfigurationPlatforms) = preSolution
		Debug|Any CPU = Debug|Any CPU
		Release|Any CPU = Release|Any CPU
	EndGlobalSection
	GlobalSection(ProjectConfigurationPlatforms) = postSolution
		{ECE354A8-1AEB-4ABA-A3C1-013A029AF560}.Debug|Any CPU.ActiveCfg = Debug|Any CPU
		{ECE354A8-1AEB-4ABA-A3C1-013A029AF560}.Debug|Any CPU.Build.0 = Debug|Any CPU
		{ECE354A8-1AEB-4ABA-A3C1-013A029AF560}.Release|Any CPU.ActiveCfg = Release|Any CPU
		{ECE354A8-1AEB-4ABA-A3C1-013A029AF560}.Release|Any CPU.Build.0 = Release|Any CPU
		{225DE72F-27CC-45B4-B0F0-F8F08A7328A2}.Debug|Any CPU.ActiveCfg = Debug|Any CPU
		{225DE72F-27CC-45B4-B0F0-F8F08A7328A2}.Debug|Any CPU.Build.0 = Debug|Any CPU
		{225DE72F-27CC-45B4-B0F0-F8F08A7328A2}.Release|Any CPU.ActiveCfg = Release|Any CPU
		{225DE72F-27CC-45B4-B0F0-F8F08A7328A2}.Release|Any CPU.Build.0 = Release|Any CPU
		{1F142840-782A-4EC1-B41B-F78ECD84B42A}.Debug|Any CPU.ActiveCfg = Debug|Any CPU
		{1F142840-782A-4EC1-B41B-F78ECD84B42A}.Debug|Any CPU.Build.0 = Debug|Any CPU
		{1F142840-782A-4EC1-B41B-F78ECD84B42A}.Release|Any CPU.ActiveCfg = Release|Any CPU
		{1F142840-782A-4EC1-B41B-F78ECD84B42A}.Release|Any CPU.Build.0 = Release|Any CPU
	EndGlobalSection
	GlobalSection(SolutionProperties) = preSolution
		HideSolutionNode = FALSE
	EndGlobalSection
	GlobalSection(NestedProjects) = preSolution
		{1F142840-782A-4EC1-B41B-F78ECD84B42A} = {8B491CF6-3083-47E7-B38D-2FC74C64238F}
	EndGlobalSection
	GlobalSection(ExtensibilityGlobals) = postSolution
		SolutionGuid = {E3218959-EC75-4BE2-A827-B759D604BFDB}
	EndGlobalSection
EndGlobal
